{
  "name": "zambia-z",
  "version": "1.0.0",
  "description": "Zambia Z: Advanced Financial Solutions Platform",
  "main": "server/index.js",
  "scripts": {
    "setup": "npm install && cd server && npm install && cd ../client && npm install",
    "dev": "concurrently --kill-others-on-fail \"npm run server\" \"npm run client\"",
    "server": "cd server && nodemon index.js",
    "client": "cd client && npm run dev",
    "build": "cd client && npm run build",
    "start": "cd server && node index.js"
  },
  "keywords": [
    "zambia",
    "fintech",
    "loan-management",
    "z-fix"
  ],
  "author": "Joseph Mwakughu Mwasi",
  "license": "ISC",
  "dependencies": {
    "mongodb": "^6.20.0",
    "nodemailer": "^7.0.9"
  },
  "devDependencies": {
    "concurrently": "^8.2.2",
    "nodemon": "^3.1.0"
  }
}
